
Microsoft Visual Studio Solution File, Format Version 12.00
# Visual Studio Version 17
VisualStudioVersion = 17.9.34902.65
MinimumVisualStudioVersion = 10.0.40219.1
Project("{FAE04EC0-301F-11D3-BF4B-00C04F79EFBC}") = "APIGateway", "APIGateway\APIGateway.csproj", "{3F8D9012-116D-4EAB-ACD9-4B191812E549}"
EndProject
Global
	GlobalSection(SolutionConfigurationPlatforms) = preSolution
		Debug|Any CPU = Debug|Any CPU
		Release|Any CPU = Release|Any CPU
	EndGlobalSection
	GlobalSection(ProjectConfigurationPlatforms) = postSolution
		{3F8D9012-116D-4EAB-ACD9-4B191812E549}.Debug|Any CPU.ActiveCfg = Debug|Any CPU
		{3F8D9012-116D-4EAB-ACD9-4B191812E549}.Debug|Any CPU.Build.0 = Debug|Any CPU
		{3F8D9012-116D-4EAB-ACD9-4B191812E549}.Release|Any CPU.ActiveCfg = Release|Any CPU
		{3F8D9012-116D-4EAB-ACD9-4B191812E549}.Release|Any CPU.Build.0 = Release|Any CPU
	EndGlobalSection
	GlobalSection(SolutionProperties) = preSolution
		HideSolutionNode = FALSE
	EndGlobalSection
	GlobalSection(ExtensibilityGlobals) = postSolution
		SolutionGuid = {6F5CB603-9A22-4F6B-A064-58234F3AC782}
	EndGlobalSection
EndGlobal
